
Microsoft Visual Studio Solution File, Format Version 12.00
# Visual Studio Version 16
VisualStudioVersion = 16.0.31911.196
MinimumVisualStudioVersion = 10.0.40219.1
Project("{FAE04EC0-301F-11D3-BF4B-00C04F79EFBC}") = "ArinWhois", "ArinWhois.csproj", "{715FB44F-AE81-406D-9EA3-224F55807E06}"
EndProject
Project("{FAE04EC0-301F-11D3-BF4B-00C04F79EFBC}") = "ArinWhois.Tests", "ArinWhois.Tests\ArinWhois.Tests.csproj", "{AD145242-CAF1-4664-8884-6EBD87B4CE27}"
EndProject
Project("{FAE04EC0-301F-11D3-BF4B-00C04F79EFBC}") = "ConsoleTestApp", "..\ConsoleTestApp\ConsoleTestApp.csproj", "{5A065EE8-EA29-4C96-905F-7D8A1B46016C}"
EndProject
Global
	GlobalSection(SolutionConfigurationPlatforms) = preSolution
		Debug|Any CPU = Debug|Any CPU
		Release|Any CPU = Release|Any CPU
	EndGlobalSection
	GlobalSection(ProjectConfigurationPlatforms) = postSolution
		{715FB44F-AE81-406D-9EA3-224F55807E06}.Debug|Any CPU.ActiveCfg = Debug|Any CPU
		{715FB44F-AE81-406D-9EA3-224F55807E06}.Debug|Any CPU.Build.0 = Debug|Any CPU
		{715FB44F-AE81-406D-9EA3-224F55807E06}.Release|Any CPU.ActiveCfg = Release|Any CPU
		{715FB44F-AE81-406D-9EA3-224F55807E06}.Release|Any CPU.Build.0 = Release|Any CPU
		{AD145242-CAF1-4664-8884-6EBD87B4CE27}.Debug|Any CPU.ActiveCfg = Debug|Any CPU
		{AD145242-CAF1-4664-8884-6EBD87B4CE27}.Debug|Any CPU.Build.0 = Debug|Any CPU
		{AD145242-CAF1-4664-8884-6EBD87B4CE27}.Release|Any CPU.ActiveCfg = Release|Any CPU
		{AD145242-CAF1-4664-8884-6EBD87B4CE27}.Release|Any CPU.Build.0 = Release|Any CPU
		{5A065EE8-EA29-4C96-905F-7D8A1B46016C}.Debug|Any CPU.ActiveCfg = Debug|Any CPU
		{5A065EE8-EA29-4C96-905F-7D8A1B46016C}.Debug|Any CPU.Build.0 = Debug|Any CPU
		{5A065EE8-EA29-4C96-905F-7D8A1B46016C}.Release|Any CPU.ActiveCfg = Release|Any CPU
		{5A065EE8-EA29-4C96-905F-7D8A1B46016C}.Release|Any CPU.Build.0 = Release|Any CPU
	EndGlobalSection
	GlobalSection(SolutionProperties) = preSolution
		HideSolutionNode = FALSE
	EndGlobalSection
	GlobalSection(ExtensibilityGlobals) = postSolution
		SolutionGuid = {938121D7-7649-4CEB-93E0-3FCA281C6B4C}
	EndGlobalSection
EndGlobal
